// !$*UTF8*$!
{
	archiveVersion = 1;
	classes = {
	};
	objectVersion = 48;
	objects = {

/* Begin PBXBuildFile section */
		1CC10C6E1FD9750C00659201 /* pokemon.ttf in Resources */ = {isa = PBXBuildFile; fileRef = 1CC10C6D1FD9750C00659201 /* pokemon.ttf */; };
		1CC10C731FD97C7A00659201 /* pokemon-music.mp3 in Resources */ = {isa = PBXBuildFile; fileRef = 1CC10C721FD97C7A00659201 /* pokemon-music.mp3 */; };
		1CC10C751FD994E100659201 /* PokemonDetailsVC.swift in Sources */ = {isa = PBXBuildFile; fileRef = 1CC10C741FD994E100659201 /* PokemonDetailsVC.swift */; };
		1CD8BB401FDAE08E00341BC9 /* Constants.swift in Sources */ = {isa = PBXBuildFile; fileRef = 1CD8BB3F1FDAE08E00341BC9 /* Constants.swift */; };
		1CEE816F1FD8138200EBDB85 /* AppDelegate.swift in Sources */ = {isa = PBXBuildFile; fileRef = 1CEE816E1FD8138200EBDB85 /* AppDelegate.swift */; };
		1CEE81711FD8138200EBDB85 /* ViewController.swift in Sources */ = {isa = PBXBuildFile; fileRef = 1CEE81701FD8138200EBDB85 /* ViewController.swift */; };
		1CEE81741FD8138200EBDB85 /* Main.storyboard in Resources */ = {isa = PBXBuildFile; fileRef = 1CEE81721FD8138200EBDB85 /* Main.storyboard */; };
		1CEE81761FD8138200EBDB85 /* Assets.xcassets in Resources */ = {isa = PBXBuildFile; fileRef = 1CEE81751FD8138200EBDB85 /* Assets.xcassets */; };
		1CEE81791FD8138200EBDB85 /* LaunchScreen.storyboard in Resources */ = {isa = PBXBuildFile; fileRef = 1CEE81771FD8138200EBDB85 /* LaunchScreen.storyboard */; };
		1CEE81811FD81ACF00EBDB85 /* pokemon.csv in Resources */ = {isa = PBXBuildFile; fileRef = 1CEE81801FD81ACF00EBDB85 /* pokemon.csv */; };
		1CEE81841FD8241200EBDB85 /* Pokemon.swift in Sources */ = {isa = PBXBuildFile; fileRef = 1CEE81831FD8241200EBDB85 /* Pokemon.swift */; };
		1CEE81871FD8342800EBDB85 /* PokeCell.swift in Sources */ = {isa = PBXBuildFile; fileRef = 1CEE81861FD8342800EBDB85 /* PokeCell.swift */; };
		1CEE81891FD943E000EBDB85 /* csv.swift in Sources */ = {isa = PBXBuildFile; fileRef = 1CEE81881FD943E000EBDB85 /* csv.swift */; };
		D1E12A3A07C992055B041A25 /* Pods_Pokedex3.framework in Frameworks */ = {isa = PBXBuildFile; fileRef = 6061F496C87C454E47EF60FC /* Pods_Pokedex3.framework */; };
/* End PBXBuildFile section */

/* Begin PBXFileReference section */
		1CC10C6D1FD9750C00659201 /* pokemon.ttf */ = {isa = PBXFileReference; lastKnownFileType = file; path = pokemon.ttf; sourceTree = "<group>"; };
		1CC10C721FD97C7A00659201 /* pokemon-music.mp3 */ = {isa = PBXFileReference; lastKnownFileType = audio.mp3; path = "pokemon-music.mp3"; sourceTree = "<group>"; };
		1CC10C741FD994E100659201 /* PokemonDetailsVC.swift */ = {isa = PBXFileReference; lastKnownFileType = sourcecode.swift; path = PokemonDetailsVC.swift; sourceTree = "<group>"; };
		1CD8BB3F1FDAE08E00341BC9 /* Constants.swift */ = {isa = PBXFileReference; lastKnownFileType = sourcecode.swift; path = Constants.swift; sourceTree = "<group>"; };
		1CEE816B1FD8138200EBDB85 /* Pokedex3.app */ = {isa = PBXFileReference; explicitFileType = wrapper.application; includeInIndex = 0; path = Pokedex3.app; sourceTree = BUILT_PRODUCTS_DIR; };
		1CEE816E1FD8138200EBDB85 /* AppDelegate.swift */ = {isa = PBXFileReference; lastKnownFileType = sourcecode.swift; path = AppDelegate.swift; sourceTree = "<group>"; };
		1CEE81701FD8138200EBDB85 /* ViewController.swift */ = {isa = PBXFileReference; lastKnownFileType = sourcecode.swift; path = ViewController.swift; sourceTree = "<group>"; };
		1CEE81731FD8138200EBDB85 /* Base */ = {isa = PBXFileReference; lastKnownFileType = file.storyboard; name = Base; path = Base.lproj/Main.storyboard; sourceTree = "<group>"; };
		1CEE81751FD8138200EBDB85 /* Assets.xcassets */ = {isa = PBXFileReference; lastKnownFileType = folder.assetcatalog; path = Assets.xcassets; sourceTree = "<group>"; };
		1CEE81781FD8138200EBDB85 /* Base */ = {isa = PBXFileReference; lastKnownFileType = file.storyboard; name = Base; path = Base.lproj/LaunchScreen.storyboard; sourceTree = "<group>"; };
		1CEE817A1FD8138200EBDB85 /* Info.plist */ = {isa = PBXFileReference; lastKnownFileType = text.plist.xml; path = Info.plist; sourceTree = "<group>"; };
		1CEE81801FD81ACF00EBDB85 /* pokemon.csv */ = {isa = PBXFileReference; fileEncoding = 4; lastKnownFileType = text; path = pokemon.csv; sourceTree = "<group>"; };
		1CEE81831FD8241200EBDB85 /* Pokemon.swift */ = {isa = PBXFileReference; lastKnownFileType = sourcecode.swift; path = Pokemon.swift; sourceTree = "<group>"; };
		1CEE81861FD8342800EBDB85 /* PokeCell.swift */ = {isa = PBXFileReference; lastKnownFileType = sourcecode.swift; path = PokeCell.swift; sourceTree = "<group>"; };
		1CEE81881FD943E000EBDB85 /* csv.swift */ = {isa = PBXFileReference; fileEncoding = 4; lastKnownFileType = sourcecode.swift; path = csv.swift; sourceTree = "<group>"; };
		6061F496C87C454E47EF60FC /* Pods_Pokedex3.framework */ = {isa = PBXFileReference; explicitFileType = wrapper.framework; includeInIndex = 0; path = Pods_Pokedex3.framework; sourceTree = BUILT_PRODUCTS_DIR; };
		754826300F90F658A3E94E3E /* Pods-Pokedex3.debug.xcconfig */ = {isa = PBXFileReference; includeInIndex = 1; lastKnownFileType = text.xcconfig; name = "Pods-Pokedex3.debug.xcconfig"; path = "Pods/Target Support Files/Pods-Pokedex3/Pods-Pokedex3.debug.xcconfig"; sourceTree = "<group>"; };
		756E8FEC67FC6D6D19538FC7 /* Pods-Pokedex3.release.xcconfig */ = {isa = PBXFileReference; includeInIndex = 1; lastKnownFileType = text.xcconfig; name = "Pods-Pokedex3.release.xcconfig"; path = "Pods/Target Support Files/Pods-Pokedex3/Pods-Pokedex3.release.xcconfig"; sourceTree = "<group>"; };
/* End PBXFileReference section */

/* Begin PBXFrameworksBuildPhase section */
		1CEE81681FD8138200EBDB85 /* Frameworks */ = {
			isa = PBXFrameworksBuildPhase;
			buildActionMask = 2147483647;
			files = (
				D1E12A3A07C992055B041A25 /* Pods_Pokedex3.framework in Frameworks */,
			);
			runOnlyForDeploymentPostprocessing = 0;
		};
/* End PBXFrameworksBuildPhase section */

/* Begin PBXGroup section */
		1A3D2893CC446AEC95456A7A /* Frameworks */ = {
			isa = PBXGroup;
			children = (
				6061F496C87C454E47EF60FC /* Pods_Pokedex3.framework */,
			);
			name = Frameworks;
			sourceTree = "<group>";
		};
		1CC10C6F1FD9752200659201 /* Controller */ = {
			isa = PBXGroup;
			children = (
				1CEE81701FD8138200EBDB85 /* ViewController.swift */,
				1CC10C741FD994E100659201 /* PokemonDetailsVC.swift */,
			);
			path = Controller;
			sourceTree = "<group>";
		};
		1CC10C701FD9752D00659201 /* Resources */ = {
			isa = PBXGroup;
			children = (
				1CC10C6D1FD9750C00659201 /* pokemon.ttf */,
				1CC10C721FD97C7A00659201 /* pokemon-music.mp3 */,
				1CEE81801FD81ACF00EBDB85 /* pokemon.csv */,
			);
			path = Resources;
			sourceTree = "<group>";
		};
		1CC10C711FD9754100659201 /* Util */ = {
			isa = PBXGroup;
			children = (
				1CEE81881FD943E000EBDB85 /* csv.swift */,
				1CD8BB3F1FDAE08E00341BC9 /* Constants.swift */,
			);
			path = Util;
			sourceTree = "<group>";
		};
		1CEE81621FD8138200EBDB85 = {
			isa = PBXGroup;
			children = (
				1CEE816D1FD8138200EBDB85 /* Pokedex3 */,
				1CEE816C1FD8138200EBDB85 /* Products */,
				65400930BCF2D8258E8D8595 /* Pods */,
				1A3D2893CC446AEC95456A7A /* Frameworks */,
			);
			sourceTree = "<group>";
		};
		1CEE816C1FD8138200EBDB85 /* Products */ = {
			isa = PBXGroup;
			children = (
				1CEE816B1FD8138200EBDB85 /* Pokedex3.app */,
			);
			name = Products;
			sourceTree = "<group>";
		};
		1CEE816D1FD8138200EBDB85 /* Pokedex3 */ = {
			isa = PBXGroup;
			children = (
				1CC10C711FD9754100659201 /* Util */,
				1CC10C701FD9752D00659201 /* Resources */,
				1CC10C6F1FD9752200659201 /* Controller */,
				1CEE81851FD8340400EBDB85 /* View */,
				1CEE81821FD823FD00EBDB85 /* Model */,
				1CEE816E1FD8138200EBDB85 /* AppDelegate.swift */,
				1CEE81721FD8138200EBDB85 /* Main.storyboard */,
				1CEE81751FD8138200EBDB85 /* Assets.xcassets */,
				1CEE81771FD8138200EBDB85 /* LaunchScreen.storyboard */,
				1CEE817A1FD8138200EBDB85 /* Info.plist */,
			);
			path = Pokedex3;
			sourceTree = "<group>";
		};
		1CEE81821FD823FD00EBDB85 /* Model */ = {
			isa = PBXGroup;
			children = (
				1CEE81831FD8241200EBDB85 /* Pokemon.swift */,
			);
			path = Model;
			sourceTree = "<group>";
		};
		1CEE81851FD8340400EBDB85 /* View */ = {
			isa = PBXGroup;
			children = (
				1CEE81861FD8342800EBDB85 /* PokeCell.swift */,
			);
			path = View;
			sourceTree = "<group>";
		};
		65400930BCF2D8258E8D8595 /* Pods */ = {
			isa = PBXGroup;
			children = (
				754826300F90F658A3E94E3E /* Pods-Pokedex3.debug.xcconfig */,
				756E8FEC67FC6D6D19538FC7 /* Pods-Pokedex3.release.xcconfig */,
			);
			name = Pods;
			sourceTree = "<group>";
		};
/* End PBXGroup section */

/* Begin PBXNativeTarget section */
		1CEE816A1FD8138200EBDB85 /* Pokedex3 */ = {
			isa = PBXNativeTarget;
			buildConfigurationList = 1CEE817D1FD8138200EBDB85 /* Build configuration list for PBXNativeTarget "Pokedex3" */;
			buildPhases = (
				82AE6DC8D84FE340105B0C40 /* [CP] Check Pods Manifest.lock */,
				1CEE81671FD8138200EBDB85 /* Sources */,
				1CEE81681FD8138200EBDB85 /* Frameworks */,
				1CEE81691FD8138200EBDB85 /* Resources */,
				4E7A2536F2231ACD747AFCF6 /* [CP] Embed Pods Frameworks */,
				9B20ABFF0382D0F27D80A8F0 /* [CP] Copy Pods Resources */,
			);
			buildRules = (
			);
			dependencies = (
			);
			name = Pokedex3;
			productName = Pokedex3;
			productReference = 1CEE816B1FD8138200EBDB85 /* Pokedex3.app */;
			productType = "com.apple.product-type.application";
		};
/* End PBXNativeTarget section */

/* Begin PBXProject section */
		1CEE81631FD8138200EBDB85 /* Project object */ = {
			isa = PBXProject;
			attributes = {
				LastSwiftUpdateCheck = 0910;
				LastUpgradeCheck = 0910;
				ORGANIZATIONNAME = "Mirel Spahić";
				TargetAttributes = {
					1CEE816A1FD8138200EBDB85 = {
						CreatedOnToolsVersion = 9.1;
						ProvisioningStyle = Automatic;
					};
				};
			};
			buildConfigurationList = 1CEE81661FD8138200EBDB85 /* Build configuration list for PBXProject "Pokedex3" */;
			compatibilityVersion = "Xcode 8.0";
			developmentRegion = en;
			hasScannedForEncodings = 0;
			knownRegions = (
				en,
				Base,
			);
			mainGroup = 1CEE81621FD8138200EBDB85;
			productRefGroup = 1CEE816C1FD8138200EBDB85 /* Products */;
			projectDirPath = "";
			projectRoot = "";
			targets = (
				1CEE816A1FD8138200EBDB85 /* Pokedex3 */,
			);
		};
/* End PBXProject section */

/* Begin PBXResourcesBuildPhase section */
		1CEE81691FD8138200EBDB85 /* Resources */ = {
			isa = PBXResourcesBuildPhase;
			buildActionMask = 2147483647;
			files = (
				1CC10C731FD97C7A00659201 /* pokemon-music.mp3 in Resources */,
				1CC10C6E1FD9750C00659201 /* pokemon.ttf in Resources */,
				1CEE81791FD8138200EBDB85 /* LaunchScreen.storyboard in Resources */,
				1CEE81761FD8138200EBDB85 /* Assets.xcassets in Resources */,
				1CEE81811FD81ACF00EBDB85 /* pokemon.csv in Resources */,
				1CEE81741FD8138200EBDB85 /* Main.storyboard in Resources */,
			);
			runOnlyForDeploymentPostprocessing = 0;
		};
/* End PBXResourcesBuildPhase section */

/* Begin PBXShellScriptBuildPhase section */
		4E7A2536F2231ACD747AFCF6 /* [CP] Embed Pods Frameworks */ = {
			isa = PBXShellScriptBuildPhase;
			buildActionMask = 2147483647;
			files = (
			);
			inputPaths = (
				"${SRCROOT}/Pods/Target Support Files/Pods-Pokedex3/Pods-Pokedex3-frameworks.sh",
				"${BUILT_PRODUCTS_DIR}/Alamofire/Alamofire.framework",
			);
			name = "[CP] Embed Pods Frameworks";
			outputPaths = (
				"${TARGET_BUILD_DIR}/${FRAMEWORKS_FOLDER_PATH}/Alamofire.framework",
			);
			runOnlyForDeploymentPostprocessing = 0;
			shellPath = /bin/sh;
			shellScript = "\"${SRCROOT}/Pods/Target Support Files/Pods-Pokedex3/Pods-Pokedex3-frameworks.sh\"\n";
			showEnvVarsInLog = 0;
		};
		82AE6DC8D84FE340105B0C40 /* [CP] Check Pods Manifest.lock */ = {
			isa = PBXShellScriptBuildPhase;
			buildActionMask = 2147483647;
			files = (
			);
			inputPaths = (
				"${PODS_PODFILE_DIR_PATH}/Podfile.lock",
				"${PODS_ROOT}/Manifest.lock",
			);
			name = "[CP] Check Pods Manifest.lock";
			outputPaths = (
				"$(DERIVED_FILE_DIR)/Pods-Pokedex3-checkManifestLockResult.txt",
			);
			runOnlyForDeploymentPostprocessing = 0;
			shellPath = /bin/sh;
			shellScript = "diff \"${PODS_PODFILE_DIR_PATH}/Podfile.lock\" \"${PODS_ROOT}/Manifest.lock\" > /dev/null\nif [ $? != 0 ] ; then\n    # print error to STDERR\n    echo \"error: The sandbox is not in sync with the Podfile.lock. Run 'pod install' or update your CocoaPods installation.\" >&2\n    exit 1\nfi\n# This output is used by Xcode 'outputs' to avoid re-running this script phase.\necho \"SUCCESS\" > \"${SCRIPT_OUTPUT_FILE_0}\"\n";
			showEnvVarsInLog = 0;
		};
		9B20ABFF0382D0F27D80A8F0 /* [CP] Copy Pods Resources */ = {
			isa = PBXShellScriptBuildPhase;
			buildActionMask = 2147483647;
			files = (
			);
			inputPaths = (
			);
			name = "[CP] Copy Pods Resources";
			outputPaths = (
			);
			runOnlyForDeploymentPostprocessing = 0;
			shellPath = /bin/sh;
			shellScript = "\"${SRCROOT}/Pods/Target Support Files/Pods-Pokedex3/Pods-Pokedex3-resources.sh\"\n";
			showEnvVarsInLog = 0;
		};
/* End PBXShellScriptBuildPhase section */

/* Begin PBXSourcesBuildPhase section */
		1CEE81671FD8138200EBDB85 /* Sources */ = {
			isa = PBXSourcesBuildPhase;
			buildActionMask = 2147483647;
			files = (
				1CEE81871FD8342800EBDB85 /* PokeCell.swift in Sources */,
				1CEE81711FD8138200EBDB85 /* ViewController.swift in Sources */,
				1CEE816F1FD8138200EBDB85 /* AppDelegate.swift in Sources */,
				1CEE81841FD8241200EBDB85 /* Pokemon.swift in Sources */,
				1CD8BB401FDAE08E00341BC9 /* Constants.swift in Sources */,
				1CEE81891FD943E000EBDB85 /* csv.swift in Sources */,
				1CC10C751FD994E100659201 /* PokemonDetailsVC.swift in Sources */,
			);
			runOnlyForDeploymentPostprocessing = 0;
		};
/* End PBXSourcesBuildPhase section */

/* Begin PBXVariantGroup section */
		1CEE81721FD8138200EBDB85 /* Main.storyboard */ = {
			isa = PBXVariantGroup;
			children = (
				1CEE81731FD8138200EBDB85 /* Base */,
			);
			name = Main.storyboard;
			sourceTree = "<group>";
		};
		1CEE81771FD8138200EBDB85 /* LaunchScreen.storyboard */ = {
			isa = PBXVariantGroup;
			children = (
				1CEE81781FD8138200EBDB85 /* Base */,
			);
			name = LaunchScreen.storyboard;
			sourceTree = "<group>";
		};
/* End PBXVariantGroup section */

/* Begin XCBuildConfiguration section */
		1CEE817B1FD8138200EBDB85 /* Debug */ = {
			isa = XCBuildConfiguration;
			buildSettings = {
				ALWAYS_SEARCH_USER_PATHS = NO;
				CLANG_ANALYZER_NONNULL = YES;
				CLANG_ANALYZER_NUMBER_OBJECT_CONVERSION = YES_AGGRESSIVE;
				CLANG_CXX_LANGUAGE_STANDARD = "gnu++14";
				CLANG_CXX_LIBRARY = "libc++";
				CLANG_ENABLE_MODULES = YES;
				CLANG_ENABLE_OBJC_ARC = YES;
				CLANG_WARN_BLOCK_CAPTURE_AUTORELEASING = YES;
				CLANG_WARN_BOOL_CONVERSION = YES;
				CLANG_WARN_COMMA = YES;
				CLANG_WARN_CONSTANT_CONVERSION = YES;
				CLANG_WARN_DIRECT_OBJC_ISA_USAGE = YES_ERROR;
				CLANG_WARN_DOCUMENTATION_COMMENTS = YES;
				CLANG_WARN_EMPTY_BODY = YES;
				CLANG_WARN_ENUM_CONVERSION = YES;
				CLANG_WARN_INFINITE_RECURSION = YES;
				CLANG_WARN_INT_CONVERSION = YES;
				CLANG_WARN_NON_LITERAL_NULL_CONVERSION = YES;
				CLANG_WARN_OBJC_LITERAL_CONVERSION = YES;
				CLANG_WARN_OBJC_ROOT_CLASS = YES_ERROR;
				CLANG_WARN_RANGE_LOOP_ANALYSIS = YES;
				CLANG_WARN_STRICT_PROTOTYPES = YES;
				CLANG_WARN_SUSPICIOUS_MOVE = YES;
				CLANG_WARN_UNGUARDED_AVAILABILITY = YES_AGGRESSIVE;
				CLANG_WARN_UNREACHABLE_CODE = YES;
				CLANG_WARN__DUPLICATE_METHOD_MATCH = YES;
				CODE_SIGN_IDENTITY = "iPhone Developer";
				COPY_PHASE_STRIP = NO;
				DEBUG_INFORMATION_FORMAT = dwarf;
				ENABLE_STRICT_OBJC_MSGSEND = YES;
				ENABLE_TESTABILITY = YES;
				GCC_C_LANGUAGE_STANDARD = gnu11;
				GCC_DYNAMIC_NO_PIC = NO;
				GCC_NO_COMMON_BLOCKS = YES;
				GCC_OPTIMIZATION_LEVEL = 0;
				GCC_PREPROCESSOR_DEFINITIONS = (
					"DEBUG=1",
					"$(inherited)",
				);
				GCC_WARN_64_TO_32_BIT_CONVERSION = YES;
				GCC_WARN_ABOUT_RETURN_TYPE = YES_ERROR;
				GCC_WARN_UNDECLARED_SELECTOR = YES;
				GCC_WARN_UNINITIALIZED_AUTOS = YES_AGGRESSIVE;
				GCC_WARN_UNUSED_FUNCTION = YES;
				GCC_WARN_UNUSED_VARIABLE = YES;
				IPHONEOS_DEPLOYMENT_TARGET = 11.1;
				MTL_ENABLE_DEBUG_INFO = YES;
				ONLY_ACTIVE_ARCH = YES;
				SDKROOT = iphoneos;
				SWIFT_ACTIVE_COMPILATION_CONDITIONS = DEBUG;
				SWIFT_OPTIMIZATION_LEVEL = "-Onone";
			};
			name = Debug;
		};
		1CEE817C1FD8138200EBDB85 /* Release */ = {
			isa = XCBuildConfiguration;
			buildSettings = {
				ALWAYS_SEARCH_USER_PATHS = NO;
				CLANG_ANALYZER_NONNULL = YES;
				CLANG_ANALYZER_NUMBER_OBJECT_CONVERSION = YES_AGGRESSIVE;
				CLANG_CXX_LANGUAGE_STANDARD = "gnu++14";
				CLANG_CXX_LIBRARY = "libc++";
				CLANG_ENABLE_MODULES = YES;
				CLANG_ENABLE_OBJC_ARC = YES;
				CLANG_WARN_BLOCK_CAPTURE_AUTORELEASING = YES;
				CLANG_WARN_BOOL_CONVERSION = YES;
				CLANG_WARN_COMMA = YES;
				CLANG_WARN_CONSTANT_CONVERSION = YES;
				CLANG_WARN_DIRECT_OBJC_ISA_USAGE = YES_ERROR;
				CLANG_WARN_DOCUMENTATION_COMMENTS = YES;
				CLANG_WARN_EMPTY_BODY = YES;
				CLANG_WARN_ENUM_CONVERSION = YES;
				CLANG_WARN_INFINITE_RECURSION = YES;
				CLANG_WARN_INT_CONVERSION = YES;
				CLANG_WARN_NON_LITERAL_NULL_CONVERSION = YES;
				CLANG_WARN_OBJC_LITERAL_CONVERSION = YES;
				CLANG_WARN_OBJC_ROOT_CLASS = YES_ERROR;
				CLANG_WARN_RANGE_LOOP_ANALYSIS = YES;
				CLANG_WARN_STRICT_PROTOTYPES = YES;
				CLANG_WARN_SUSPICIOUS_MOVE = YES;
				CLANG_WARN_UNGUARDED_AVAILABILITY = YES_AGGRESSIVE;
				CLANG_WARN_UNREACHABLE_CODE = YES;
				CLANG_WARN__DUPLICATE_METHOD_MATCH = YES;
				CODE_SIGN_IDENTITY = "iPhone Developer";
				COPY_PHASE_STRIP = NO;
				DEBUG_INFORMATION_FORMAT = "dwarf-with-dsym";
				ENABLE_NS_ASSERTIONS = NO;
				ENABLE_STRICT_OBJC_MSGSEND = YES;
				GCC_C_LANGUAGE_STANDARD = gnu11;
				GCC_NO_COMMON_BLOCKS = YES;
				GCC_WARN_64_TO_32_BIT_CONVERSION = YES;
				GCC_WARN_ABOUT_RETURN_TYPE = YES_ERROR;
				GCC_WARN_UNDECLARED_SELECTOR = YES;
				GCC_WARN_UNINITIALIZED_AUTOS = YES_AGGRESSIVE;
				GCC_WARN_UNUSED_FUNCTION = YES;
				GCC_WARN_UNUSED_VARIABLE = YES;
				IPHONEOS_DEPLOYMENT_TARGET = 11.1;
				MTL_ENABLE_DEBUG_INFO = NO;
				SDKROOT = iphoneos;
				SWIFT_OPTIMIZATION_LEVEL = "-Owholemodule";
				VALIDATE_PRODUCT = YES;
			};
			name = Release;
		};
		1CEE817E1FD8138200EBDB85 /* Debug */ = {
			isa = XCBuildConfiguration;
			baseConfigurationReference = 754826300F90F658A3E94E3E /* Pods-Pokedex3.debug.xcconfig */;
			buildSettings = {
				ASSETCATALOG_COMPILER_APPICON_NAME = AppIcon;
				CODE_SIGN_STYLE = Automatic;
				DEVELOPMENT_TEAM = 4S62EF65A3;
				INFOPLIST_FILE = Pokedex3/Info.plist;
				LD_RUNPATH_SEARCH_PATHS = "$(inherited) @executable_path/Frameworks";
				PRODUCT_BUNDLE_IDENTIFIER = mirel.swift.Pokedex3;
				PRODUCT_NAME = "$(TARGET_NAME)";
				SWIFT_VERSION = 4.0;
				TARGETED_DEVICE_FAMILY = "1,2";
			};
			name = Debug;
		};
		1CEE817F1FD8138200EBDB85 /* Release */ = {
			isa = XCBuildConfiguration;
			baseConfigurationReference = 756E8FEC67FC6D6D19538FC7 /* Pods-Pokedex3.release.xcconfig */;
			buildSettings = {
				ASSETCATALOG_COMPILER_APPICON_NAME = AppIcon;
				CODE_SIGN_STYLE = Automatic;
				DEVELOPMENT_TEAM = 4S62EF65A3;
				INFOPLIST_FILE = Pokedex3/Info.plist;
				LD_RUNPATH_SEARCH_PATHS = "$(inherited) @executable_path/Frameworks";
				PRODUCT_BUNDLE_IDENTIFIER = mirel.swift.Pokedex3;
				PRODUCT_NAME = "$(TARGET_NAME)";
				SWIFT_VERSION = 4.0;
				TARGETED_DEVICE_FAMILY = "1,2";
			};
			name = Release;
		};
/* End XCBuildConfiguration section */

/* Begin XCConfigurationList section */
		1CEE81661FD8138200EBDB85 /* Build configuration list for PBXProject "Pokedex3" */ = {
			isa = XCConfigurationList;
			buildConfigurations = (
				1CEE817B1FD8138200EBDB85 /* Debug */,
				1CEE817C1FD8138200EBDB85 /* Release */,
			);
			defaultConfigurationIsVisible = 0;
			defaultConfigurationName = Release;
		};
		1CEE817D1FD8138200EBDB85 /* Build configuration list for PBXNativeTarget "Pokedex3" */ = {
			isa = XCConfigurationList;
			buildConfigurations = (
				1CEE817E1FD8138200EBDB85 /* Debug */,
				1CEE817F1FD8138200EBDB85 /* Release */,
			);
			defaultConfigurationIsVisible = 0;
			defaultConfigurationName = Release;
		};
/* End XCConfigurationList section */
	};
	rootObject = 1CEE81631FD8138200EBDB85 /* Project object */;
}
